
Microsoft Visual Studio Solution File, Format Version 12.00
# Visual Studio Version 17
VisualStudioVersion = 17.9.34607.119
MinimumVisualStudioVersion = 10.0.40219.1
Project("{FAE04EC0-301F-11D3-BF4B-00C04F79EFBC}") = "WindowsFormsApp1", "WindowsFormsApp1\WindowsFormsApp1.csproj", "{BFC1E2F8-9C7B-4D5B-B543-52B86A844C89}"
EndProject
Global
	GlobalSection(SolutionConfigurationPlatforms) = preSolution
		Debug|Any CPU = Debug|Any CPU
		Release|Any CPU = Release|Any CPU
	EndGlobalSection
	GlobalSection(ProjectConfigurationPlatforms) = postSolution
		{BFC1E2F8-9C7B-4D5B-B543-52B86A844C89}.Debug|Any CPU.ActiveCfg = Debug|Any CPU
		{BFC1E2F8-9C7B-4D5B-B543-52B86A844C89}.Debug|Any CPU.Build.0 = Debug|Any CPU
		{BFC1E2F8-9C7B-4D5B-B543-52B86A844C89}.Release|Any CPU.ActiveCfg = Release|Any CPU
		{BFC1E2F8-9C7B-4D5B-B543-52B86A844C89}.Release|Any CPU.Build.0 = Release|Any CPU
	EndGlobalSection
	GlobalSection(SolutionProperties) = preSolution
		HideSolutionNode = FALSE
	EndGlobalSection
	GlobalSection(ExtensibilityGlobals) = postSolution
		SolutionGuid = {E2691CAF-7144-4CDD-8651-E037EF4EC4A1}
	EndGlobalSection
EndGlobal
